# This file is machine-generated by `gh actions-lock`.
# Do not edit by hand; run `gh actions-lock` to update.
# Docs: https://gh.io/actions-lockfile
version: 'v0.0.2'
workflows:
    '.github/workflows/ci.yml':
        - 'actions/checkout@v7.0.1'
        - 'dtolnay/rust-toolchain@master'
        - 'oven-sh/setup-bun@v2.2.0'
dependencies:
    'actions/checkout@v7.0.1':
        ref: 'v7.0.1'
        commit: 'sha1-3d3c42e5aac5ba805825da76410c181273ba90b1'
        owner_id: 44036562
        repo_id: 197814629
    'dtolnay/rust-toolchain@master':
        ref: 'master'
        commit: 'sha1-7e38f4b43b4db5c8dd498af069a4f6196df1d067'
        owner_id: 1940490
        repo_id: 260749683
    'oven-sh/setup-bun@v2.2.0':
        ref: 'v2.2.0'
        commit: 'sha1-0c5077e51419868618aeaa5fe8019c62421857d6'
        owner_id: 108928776
        repo_id: 512644635
